
Microsoft Visual Studio Solution File, Format Version 12.00
# Visual Studio Version 16
VisualStudioVersion = 16.0.30225.117
MinimumVisualStudioVersion = 10.0.40219.1
Project("{FAE04EC0-301F-11D3-BF4B-00C04F79EFBC}") = "CedroTechApi", "CedroTechApi.csproj", "{FB00FC1F-DFCB-4003-9660-D5C9318A0273}"
EndProject
Project("{FAE04EC0-301F-11D3-BF4B-00C04F79EFBC}") = "CedroTechApi-Test", "..\CedroTechApi-Test\CedroTechApi-Test.csproj", "{1600F276-BF36-47BF-977B-A48E3211A58A}"
EndProject
Global
	GlobalSection(SolutionConfigurationPlatforms) = preSolution
		Debug|Any CPU = Debug|Any CPU
		Release|Any CPU = Release|Any CPU
	EndGlobalSection
	GlobalSection(ProjectConfigurationPlatforms) = postSolution
		{FB00FC1F-DFCB-4003-9660-D5C9318A0273}.Debug|Any CPU.ActiveCfg = Debug|Any CPU
		{FB00FC1F-DFCB-4003-9660-D5C9318A0273}.Debug|Any CPU.Build.0 = Debug|Any CPU
		{FB00FC1F-DFCB-4003-9660-D5C9318A0273}.Release|Any CPU.ActiveCfg = Release|Any CPU
		{FB00FC1F-DFCB-4003-9660-D5C9318A0273}.Release|Any CPU.Build.0 = Release|Any CPU
		{1600F276-BF36-47BF-977B-A48E3211A58A}.Debug|Any CPU.ActiveCfg = Debug|Any CPU
		{1600F276-BF36-47BF-977B-A48E3211A58A}.Debug|Any CPU.Build.0 = Debug|Any CPU
		{1600F276-BF36-47BF-977B-A48E3211A58A}.Release|Any CPU.ActiveCfg = Release|Any CPU
		{1600F276-BF36-47BF-977B-A48E3211A58A}.Release|Any CPU.Build.0 = Release|Any CPU
	EndGlobalSection
	GlobalSection(SolutionProperties) = preSolution
		HideSolutionNode = FALSE
	EndGlobalSection
	GlobalSection(ExtensibilityGlobals) = postSolution
		SolutionGuid = {C7905107-8E24-4CF2-8DD6-DD6379949166}
	EndGlobalSection
EndGlobal
